// !$*UTF8*$!
{
	archiveVersion = 1;
	classes = {
	};
	objectVersion = 55;
	objects = {

/* Begin PBXBuildFile section */
		52021C2427F3195100FF5483 /* landmarkData.json in Resources */ = {isa = PBXBuildFile; fileRef = 52021C2327F3195100FF5483 /* landmarkData.json */; };
		52021C2627F3199A00FF5483 /* Landmark.swift in Sources */ = {isa = PBXBuildFile; fileRef = 52021C2527F3199A00FF5483 /* Landmark.swift */; };
		52021C2827F31BEC00FF5483 /* ModelData.swift in Sources */ = {isa = PBXBuildFile; fileRef = 52021C2727F31BEC00FF5483 /* ModelData.swift */; };
		52021C2D27F31D7100FF5483 /* LandmarkRow.swift in Sources */ = {isa = PBXBuildFile; fileRef = 52021C2C27F31D7100FF5483 /* LandmarkRow.swift */; };
		52021C2F27F320A800FF5483 /* LandmarkList.swift in Sources */ = {isa = PBXBuildFile; fileRef = 52021C2E27F320A800FF5483 /* LandmarkList.swift */; };
		52021C3127F3241A00FF5483 /* LandmarkDetail.swift in Sources */ = {isa = PBXBuildFile; fileRef = 52021C3027F3241A00FF5483 /* LandmarkDetail.swift */; };
		525F652427FEFAE300CB96DA /* CategoryHome.swift in Sources */ = {isa = PBXBuildFile; fileRef = 525F652327FEFAE300CB96DA /* CategoryHome.swift */; };
		525F652627FF02FE00CB96DA /* CategoryRow.swift in Sources */ = {isa = PBXBuildFile; fileRef = 525F652527FF02FE00CB96DA /* CategoryRow.swift */; };
		525F652827FF04FD00CB96DA /* CategoryItem.swift in Sources */ = {isa = PBXBuildFile; fileRef = 525F652727FF04FD00CB96DA /* CategoryItem.swift */; };
		526746F727F47D010031753E /* FavoriteButton.swift in Sources */ = {isa = PBXBuildFile; fileRef = 526746F627F47D010031753E /* FavoriteButton.swift */; };
		528DAC9827FB499100039534 /* hikeData.json in Resources */ = {isa = PBXBuildFile; fileRef = 528DAC9727FB499100039534 /* hikeData.json */; };
		528DAC9A27FB4A2D00039534 /* Hike.swift in Sources */ = {isa = PBXBuildFile; fileRef = 528DAC9927FB4A2D00039534 /* Hike.swift */; };
		528DACA227FB4BA400039534 /* GraphCapsule.swift in Sources */ = {isa = PBXBuildFile; fileRef = 528DAC9E27FB4BA300039534 /* GraphCapsule.swift */; };
		528DACA327FB4BA400039534 /* HikeGraph.swift in Sources */ = {isa = PBXBuildFile; fileRef = 528DAC9F27FB4BA300039534 /* HikeGraph.swift */; };
		528DACA427FB4BA400039534 /* HikeDetail.swift in Sources */ = {isa = PBXBuildFile; fileRef = 528DACA027FB4BA300039534 /* HikeDetail.swift */; };
		528DACA527FB4BA400039534 /* HikeView.swift in Sources */ = {isa = PBXBuildFile; fileRef = 528DACA127FB4BA300039534 /* HikeView.swift */; };
		5293B4BC27F5CC43006A35B5 /* HexagonParameters.swift in Sources */ = {isa = PBXBuildFile; fileRef = 5293B4BB27F5CC43006A35B5 /* HexagonParameters.swift */; };
		5293B4BE27F5D1A6006A35B5 /* BadgeBackground.swift in Sources */ = {isa = PBXBuildFile; fileRef = 5293B4BD27F5D1A6006A35B5 /* BadgeBackground.swift */; };
		5293B4C027F6A6EE006A35B5 /* BadgeSymbol.swift in Sources */ = {isa = PBXBuildFile; fileRef = 5293B4BF27F6A6EE006A35B5 /* BadgeSymbol.swift */; };
		5293B4C227F6A8EA006A35B5 /* RotatedBadgeSymbol.swift in Sources */ = {isa = PBXBuildFile; fileRef = 5293B4C127F6A8EA006A35B5 /* RotatedBadgeSymbol.swift */; };
		5293B4C427F6AAC3006A35B5 /* Badge.swift in Sources */ = {isa = PBXBuildFile; fileRef = 5293B4C327F6AAC3006A35B5 /* Badge.swift */; };
		529D39DA280450C0003C4C79 /* Profile.swift in Sources */ = {isa = PBXBuildFile; fileRef = 529D39D9280450C0003C4C79 /* Profile.swift */; };
		529D39DD28045175003C4C79 /* ProfileHost.swift in Sources */ = {isa = PBXBuildFile; fileRef = 529D39DC28045175003C4C79 /* ProfileHost.swift */; };
		529D39DF280451DD003C4C79 /* ProfileSummary.swift in Sources */ = {isa = PBXBuildFile; fileRef = 529D39DE280451DD003C4C79 /* ProfileSummary.swift */; };
		529D39E12804526F003C4C79 /* HikeBadge.swift in Sources */ = {isa = PBXBuildFile; fileRef = 529D39E02804526F003C4C79 /* HikeBadge.swift */; };
		529D39E32804672C003C4C79 /* ProfileEditor.swift in Sources */ = {isa = PBXBuildFile; fileRef = 529D39E22804672C003C4C79 /* ProfileEditor.swift */; };
		52BA75E027F198B80048BC91 /* LandmarksApp.swift in Sources */ = {isa = PBXBuildFile; fileRef = 52BA75DF27F198B80048BC91 /* LandmarksApp.swift */; };
		52BA75E227F198B80048BC91 /* ContentView.swift in Sources */ = {isa = PBXBuildFile; fileRef = 52BA75E127F198B80048BC91 /* ContentView.swift */; };
		52BA75E427F198B90048BC91 /* Assets.xcassets in Resources */ = {isa = PBXBuildFile; fileRef = 52BA75E327F198B90048BC91 /* Assets.xcassets */; };
		52BA75E727F198B90048BC91 /* Preview Assets.xcassets in Resources */ = {isa = PBXBuildFile; fileRef = 52BA75E627F198B90048BC91 /* Preview Assets.xcassets */; };
		52BA75F127F198B90048BC91 /* LandmarksTests.swift in Sources */ = {isa = PBXBuildFile; fileRef = 52BA75F027F198B90048BC91 /* LandmarksTests.swift */; };
		52BA75FB27F198B90048BC91 /* LandmarksUITests.swift in Sources */ = {isa = PBXBuildFile; fileRef = 52BA75FA27F198B90048BC91 /* LandmarksUITests.swift */; };
		52BA75FD27F198B90048BC91 /* LandmarksUITestsLaunchTests.swift in Sources */ = {isa = PBXBuildFile; fileRef = 52BA75FC27F198B90048BC91 /* LandmarksUITestsLaunchTests.swift */; };
		52BA760C27F1A5F70048BC91 /* CircleImage.swift in Sources */ = {isa = PBXBuildFile; fileRef = 52BA760B27F1A5F70048BC91 /* CircleImage.swift */; };
		52BA760E27F1A7D10048BC91 /* MapView.swift in Sources */ = {isa = PBXBuildFile; fileRef = 52BA760D27F1A7D10048BC91 /* MapView.swift */; };
		52E9DAED2805A5D500852BC1 /* PageViewController.swift in Sources */ = {isa = PBXBuildFile; fileRef = 52E9DAEC2805A5D500852BC1 /* PageViewController.swift */; };
		52E9DAEF2805A85A00852BC1 /* FeatureCard.swift in Sources */ = {isa = PBXBuildFile; fileRef = 52E9DAEE2805A85A00852BC1 /* FeatureCard.swift */; };
		52E9DAF12805A9EC00852BC1 /* PageView.swift in Sources */ = {isa = PBXBuildFile; fileRef = 52E9DAF02805A9EC00852BC1 /* PageView.swift */; };
		52E9DAF32805D01200852BC1 /*  PageControl.swift in Sources */ = {isa = PBXBuildFile; fileRef = 52E9DAF22805D01200852BC1 /*  PageControl.swift */; };
/* End PBXBuildFile section */

/* Begin PBXContainerItemProxy section */
		52BA75ED27F198B90048BC91 /* PBXContainerItemProxy */ = {
			isa = PBXContainerItemProxy;
			containerPortal = 52BA75D427F198B80048BC91 /* Project object */;
			proxyType = 1;
			remoteGlobalIDString = 52BA75DB27F198B80048BC91;
			remoteInfo = Landmarks;
		};
		52BA75F727F198B90048BC91 /* PBXContainerItemProxy */ = {
			isa = PBXContainerItemProxy;
			containerPortal = 52BA75D427F198B80048BC91 /* Project object */;
			proxyType = 1;
			remoteGlobalIDString = 52BA75DB27F198B80048BC91;
			remoteInfo = Landmarks;
		};
/* End PBXContainerItemProxy section */

/* Begin PBXFileReference section */
		52021C2327F3195100FF5483 /* landmarkData.json */ = {isa = PBXFileReference; fileEncoding = 4; lastKnownFileType = text.json; path = landmarkData.json; sourceTree = "<group>"; };
		52021C2527F3199A00FF5483 /* Landmark.swift */ = {isa = PBXFileReference; lastKnownFileType = sourcecode.swift; path = Landmark.swift; sourceTree = "<group>"; };
		52021C2727F31BEC00FF5483 /* ModelData.swift */ = {isa = PBXFileReference; lastKnownFileType = sourcecode.swift; path = ModelData.swift; sourceTree = "<group>"; };
		52021C2C27F31D7100FF5483 /* LandmarkRow.swift */ = {isa = PBXFileReference; lastKnownFileType = sourcecode.swift; path = LandmarkRow.swift; sourceTree = "<group>"; };
		52021C2E27F320A800FF5483 /* LandmarkList.swift */ = {isa = PBXFileReference; lastKnownFileType = sourcecode.swift; path = LandmarkList.swift; sourceTree = "<group>"; };
		52021C3027F3241A00FF5483 /* LandmarkDetail.swift */ = {isa = PBXFileReference; lastKnownFileType = sourcecode.swift; path = LandmarkDetail.swift; sourceTree = "<group>"; };
		525F652327FEFAE300CB96DA /* CategoryHome.swift */ = {isa = PBXFileReference; lastKnownFileType = sourcecode.swift; path = CategoryHome.swift; sourceTree = "<group>"; };
		525F652527FF02FE00CB96DA /* CategoryRow.swift */ = {isa = PBXFileReference; lastKnownFileType = sourcecode.swift; path = CategoryRow.swift; sourceTree = "<group>"; };
		525F652727FF04FD00CB96DA /* CategoryItem.swift */ = {isa = PBXFileReference; lastKnownFileType = sourcecode.swift; path = CategoryItem.swift; sourceTree = "<group>"; };
		526746F627F47D010031753E /* FavoriteButton.swift */ = {isa = PBXFileReference; lastKnownFileType = sourcecode.swift; path = FavoriteButton.swift; sourceTree = "<group>"; };
		528DAC9727FB499100039534 /* hikeData.json */ = {isa = PBXFileReference; fileEncoding = 4; lastKnownFileType = text.json; path = hikeData.json; sourceTree = "<group>"; };
		528DAC9927FB4A2D00039534 /* Hike.swift */ = {isa = PBXFileReference; lastKnownFileType = sourcecode.swift; path = Hike.swift; sourceTree = "<group>"; };
		528DAC9E27FB4BA300039534 /* GraphCapsule.swift */ = {isa = PBXFileReference; fileEncoding = 4; lastKnownFileType = sourcecode.swift; path = GraphCapsule.swift; sourceTree = "<group>"; };
		528DAC9F27FB4BA300039534 /* HikeGraph.swift */ = {isa = PBXFileReference; fileEncoding = 4; lastKnownFileType = sourcecode.swift; path = HikeGraph.swift; sourceTree = "<group>"; };
		528DACA027FB4BA300039534 /* HikeDetail.swift */ = {isa = PBXFileReference; fileEncoding = 4; lastKnownFileType = sourcecode.swift; path = HikeDetail.swift; sourceTree = "<group>"; };
		528DACA127FB4BA300039534 /* HikeView.swift */ = {isa = PBXFileReference; fileEncoding = 4; lastKnownFileType = sourcecode.swift; path = HikeView.swift; sourceTree = "<group>"; };
		5293B4BB27F5CC43006A35B5 /* HexagonParameters.swift */ = {isa = PBXFileReference; lastKnownFileType = sourcecode.swift; path = HexagonParameters.swift; sourceTree = "<group>"; };
		5293B4BD27F5D1A6006A35B5 /* BadgeBackground.swift */ = {isa = PBXFileReference; lastKnownFileType = sourcecode.swift; path = BadgeBackground.swift; sourceTree = "<group>"; };
		5293B4BF27F6A6EE006A35B5 /* BadgeSymbol.swift */ = {isa = PBXFileReference; lastKnownFileType = sourcecode.swift; path = BadgeSymbol.swift; sourceTree = "<group>"; };
		5293B4C127F6A8EA006A35B5 /* RotatedBadgeSymbol.swift */ = {isa = PBXFileReference; lastKnownFileType = sourcecode.swift; path = RotatedBadgeSymbol.swift; sourceTree = "<group>"; };
		5293B4C327F6AAC3006A35B5 /* Badge.swift */ = {isa = PBXFileReference; lastKnownFileType = sourcecode.swift; path = Badge.swift; sourceTree = "<group>"; };
		529D39D9280450C0003C4C79 /* Profile.swift */ = {isa = PBXFileReference; lastKnownFileType = sourcecode.swift; path = Profile.swift; sourceTree = "<group>"; };
		529D39DC28045175003C4C79 /* ProfileHost.swift */ = {isa = PBXFileReference; lastKnownFileType = sourcecode.swift; path = ProfileHost.swift; sourceTree = "<group>"; };
		529D39DE280451DD003C4C79 /* ProfileSummary.swift */ = {isa = PBXFileReference; lastKnownFileType = sourcecode.swift; path = ProfileSummary.swift; sourceTree = "<group>"; };
		529D39E02804526F003C4C79 /* HikeBadge.swift */ = {isa = PBXFileReference; lastKnownFileType = sourcecode.swift; path = HikeBadge.swift; sourceTree = "<group>"; };
		529D39E22804672C003C4C79 /* ProfileEditor.swift */ = {isa = PBXFileReference; lastKnownFileType = sourcecode.swift; path = ProfileEditor.swift; sourceTree = "<group>"; };
		52BA75DC27F198B80048BC91 /* Landmarks.app */ = {isa = PBXFileReference; explicitFileType = wrapper.application; includeInIndex = 0; path = Landmarks.app; sourceTree = BUILT_PRODUCTS_DIR; };
		52BA75DF27F198B80048BC91 /* LandmarksApp.swift */ = {isa = PBXFileReference; lastKnownFileType = sourcecode.swift; path = LandmarksApp.swift; sourceTree = "<group>"; };
		52BA75E127F198B80048BC91 /* ContentView.swift */ = {isa = PBXFileReference; lastKnownFileType = sourcecode.swift; path = ContentView.swift; sourceTree = "<group>"; };
		52BA75E327F198B90048BC91 /* Assets.xcassets */ = {isa = PBXFileReference; lastKnownFileType = folder.assetcatalog; path = Assets.xcassets; sourceTree = "<group>"; };
		52BA75E627F198B90048BC91 /* Preview Assets.xcassets */ = {isa = PBXFileReference; lastKnownFileType = folder.assetcatalog; path = "Preview Assets.xcassets"; sourceTree = "<group>"; };
		52BA75EC27F198B90048BC91 /* LandmarksTests.xctest */ = {isa = PBXFileReference; explicitFileType = wrapper.cfbundle; includeInIndex = 0; path = LandmarksTests.xctest; sourceTree = BUILT_PRODUCTS_DIR; };
		52BA75F027F198B90048BC91 /* LandmarksTests.swift */ = {isa = PBXFileReference; lastKnownFileType = sourcecode.swift; path = LandmarksTests.swift; sourceTree = "<group>"; };
		52BA75F627F198B90048BC91 /* LandmarksUITests.xctest */ = {isa = PBXFileReference; explicitFileType = wrapper.cfbundle; includeInIndex = 0; path = LandmarksUITests.xctest; sourceTree = BUILT_PRODUCTS_DIR; };
		52BA75FA27F198B90048BC91 /* LandmarksUITests.swift */ = {isa = PBXFileReference; lastKnownFileType = sourcecode.swift; path = LandmarksUITests.swift; sourceTree = "<group>"; };
		52BA75FC27F198B90048BC91 /* LandmarksUITestsLaunchTests.swift */ = {isa = PBXFileReference; lastKnownFileType = sourcecode.swift; path = LandmarksUITestsLaunchTests.swift; sourceTree = "<group>"; };
		52BA760B27F1A5F70048BC91 /* CircleImage.swift */ = {isa = PBXFileReference; lastKnownFileType = sourcecode.swift; path = CircleImage.swift; sourceTree = "<group>"; };
		52BA760D27F1A7D10048BC91 /* MapView.swift */ = {isa = PBXFileReference; lastKnownFileType = sourcecode.swift; path = MapView.swift; sourceTree = "<group>"; };
		52E9DAEC2805A5D500852BC1 /* PageViewController.swift */ = {isa = PBXFileReference; lastKnownFileType = sourcecode.swift; path = PageViewController.swift; sourceTree = "<group>"; };
		52E9DAEE2805A85A00852BC1 /* FeatureCard.swift */ = {isa = PBXFileReference; lastKnownFileType = sourcecode.swift; path = FeatureCard.swift; sourceTree = "<group>"; };
		52E9DAF02805A9EC00852BC1 /* PageView.swift */ = {isa = PBXFileReference; lastKnownFileType = sourcecode.swift; path = PageView.swift; sourceTree = "<group>"; };
		52E9DAF22805D01200852BC1 /*  PageControl.swift */ = {isa = PBXFileReference; lastKnownFileType = sourcecode.swift; path = " PageControl.swift"; sourceTree = "<group>"; };
/* End PBXFileReference section */

/* Begin PBXFrameworksBuildPhase section */
		52BA75D927F198B80048BC91 /* Frameworks */ = {
			isa = PBXFrameworksBuildPhase;
			buildActionMask = 2147483647;
			files = (
			);
			runOnlyForDeploymentPostprocessing = 0;
		};
		52BA75E927F198B90048BC91 /* Frameworks */ = {
			isa = PBXFrameworksBuildPhase;
			buildActionMask = 2147483647;
			files = (
			);
			runOnlyForDeploymentPostprocessing = 0;
		};
		52BA75F327F198B90048BC91 /* Frameworks */ = {
			isa = PBXFrameworksBuildPhase;
			buildActionMask = 2147483647;
			files = (
			);
			runOnlyForDeploymentPostprocessing = 0;
		};
/* End PBXFrameworksBuildPhase section */

/* Begin PBXGroup section */
		52021C2927F31C8D00FF5483 /* Views */ = {
			isa = PBXGroup;
			children = (
				52E9DAEB2805A5A300852BC1 /* PageView */,
				529D39DB28045157003C4C79 /* Profiles */,
				525F652027FEFAA900CB96DA /* Categories */,
				528DAC9D27FB4BA300039534 /* Hikes */,
				52BA75E127F198B80048BC91 /* ContentView.swift */,
				526746F827F47E040031753E /* Helpers */,
				526746F927F47E2F0031753E /* Landmarks */,
				5293B4C527F6AD7A006A35B5 /* Badges */,
				52E9DAEE2805A85A00852BC1 /* FeatureCard.swift */,
			);
			path = Views;
			sourceTree = "<group>";
		};
		52021C2A27F31CA400FF5483 /* Resources */ = {
			isa = PBXGroup;
			children = (
				528DAC9727FB499100039534 /* hikeData.json */,
				52021C2327F3195100FF5483 /* landmarkData.json */,
			);
			path = Resources;
			sourceTree = "<group>";
		};
		52021C2B27F31CCF00FF5483 /* Model */ = {
			isa = PBXGroup;
			children = (
				52021C2527F3199A00FF5483 /* Landmark.swift */,
				52021C2727F31BEC00FF5483 /* ModelData.swift */,
				528DAC9927FB4A2D00039534 /* Hike.swift */,
				529D39D9280450C0003C4C79 /* Profile.swift */,
			);
			path = Model;
			sourceTree = "<group>";
		};
		525F652027FEFAA900CB96DA /* Categories */ = {
			isa = PBXGroup;
			children = (
				525F652327FEFAE300CB96DA /* CategoryHome.swift */,
				525F652527FF02FE00CB96DA /* CategoryRow.swift */,
				525F652727FF04FD00CB96DA /* CategoryItem.swift */,
			);
			path = Categories;
			sourceTree = "<group>";
		};
		526746F827F47E040031753E /* Helpers */ = {
			isa = PBXGroup;
			children = (
				52BA760B27F1A5F70048BC91 /* CircleImage.swift */,
				52BA760D27F1A7D10048BC91 /* MapView.swift */,
				526746F627F47D010031753E /* FavoriteButton.swift */,
			);
			path = Helpers;
			sourceTree = "<group>";
		};
		526746F927F47E2F0031753E /* Landmarks */ = {
			isa = PBXGroup;
			children = (
				52021C2C27F31D7100FF5483 /* LandmarkRow.swift */,
				52021C2E27F320A800FF5483 /* LandmarkList.swift */,
				52021C3027F3241A00FF5483 /* LandmarkDetail.swift */,
			);
			path = Landmarks;
			sourceTree = "<group>";
		};
		528DAC9D27FB4BA300039534 /* Hikes */ = {
			isa = PBXGroup;
			children = (
				528DAC9E27FB4BA300039534 /* GraphCapsule.swift */,
				528DAC9F27FB4BA300039534 /* HikeGraph.swift */,
				528DACA027FB4BA300039534 /* HikeDetail.swift */,
				528DACA127FB4BA300039534 /* HikeView.swift */,
				529D39E02804526F003C4C79 /* HikeBadge.swift */,
			);
			path = Hikes;
			sourceTree = "<group>";
		};
		5293B4C527F6AD7A006A35B5 /* Badges */ = {
			isa = PBXGroup;
			children = (
				5293B4BB27F5CC43006A35B5 /* HexagonParameters.swift */,
				5293B4BD27F5D1A6006A35B5 /* BadgeBackground.swift */,
				5293B4BF27F6A6EE006A35B5 /* BadgeSymbol.swift */,
				5293B4C127F6A8EA006A35B5 /* RotatedBadgeSymbol.swift */,
				5293B4C327F6AAC3006A35B5 /* Badge.swift */,
			);
			path = Badges;
			sourceTree = "<group>";
		};
		529D39DB28045157003C4C79 /* Profiles */ = {
			isa = PBXGroup;
			children = (
				529D39DC28045175003C4C79 /* ProfileHost.swift */,
				529D39DE280451DD003C4C79 /* ProfileSummary.swift */,
				529D39E22804672C003C4C79 /* ProfileEditor.swift */,
			);
			path = Profiles;
			sourceTree = "<group>";
		};
		52BA75D327F198B80048BC91 = {
			isa = PBXGroup;
			children = (
				52BA75DE27F198B80048BC91 /* Landmarks */,
				52BA75EF27F198B90048BC91 /* LandmarksTests */,
				52BA75F927F198B90048BC91 /* LandmarksUITests */,
				52BA75DD27F198B80048BC91 /* Products */,
			);
			sourceTree = "<group>";
		};
		52BA75DD27F198B80048BC91 /* Products */ = {
			isa = PBXGroup;
			children = (
				52BA75DC27F198B80048BC91 /* Landmarks.app */,
				52BA75EC27F198B90048BC91 /* LandmarksTests.xctest */,
				52BA75F627F198B90048BC91 /* LandmarksUITests.xctest */,
			);
			name = Products;
			sourceTree = "<group>";
		};
		52BA75DE27F198B80048BC91 /* Landmarks */ = {
			isa = PBXGroup;
			children = (
				52021C2B27F31CCF00FF5483 /* Model */,
				52021C2A27F31CA400FF5483 /* Resources */,
				52021C2927F31C8D00FF5483 /* Views */,
				52BA75DF27F198B80048BC91 /* LandmarksApp.swift */,
				52BA75E327F198B90048BC91 /* Assets.xcassets */,
				52BA75E527F198B90048BC91 /* Preview Content */,
			);
			path = Landmarks;
			sourceTree = "<group>";
		};
		52BA75E527F198B90048BC91 /* Preview Content */ = {
			isa = PBXGroup;
			children = (
				52BA75E627F198B90048BC91 /* Preview Assets.xcassets */,
			);
			path = "Preview Content";
			sourceTree = "<group>";
		};
		52BA75EF27F198B90048BC91 /* LandmarksTests */ = {
			isa = PBXGroup;
			children = (
				52BA75F027F198B90048BC91 /* LandmarksTests.swift */,
			);
			path = LandmarksTests;
			sourceTree = "<group>";
		};
		52BA75F927F198B90048BC91 /* LandmarksUITests */ = {
			isa = PBXGroup;
			children = (
				52BA75FA27F198B90048BC91 /* LandmarksUITests.swift */,
				52BA75FC27F198B90048BC91 /* LandmarksUITestsLaunchTests.swift */,
			);
			path = LandmarksUITests;
			sourceTree = "<group>";
		};
		52E9DAEB2805A5A300852BC1 /* PageView */ = {
			isa = PBXGroup;
			children = (
				52E9DAEC2805A5D500852BC1 /* PageViewController.swift */,
				52E9DAF02805A9EC00852BC1 /* PageView.swift */,
				52E9DAF22805D01200852BC1 /*  PageControl.swift */,
			);
			path = PageView;
			sourceTree = "<group>";
		};
/* End PBXGroup section */

/* Begin PBXNativeTarget section */
		52BA75DB27F198B80048BC91 /* Landmarks */ = {
			isa = PBXNativeTarget;
			buildConfigurationList = 52BA760027F198B90048BC91 /* Build configuration list for PBXNativeTarget "Landmarks" */;
			buildPhases = (
				52BA75D827F198B80048BC91 /* Sources */,
				52BA75D927F198B80048BC91 /* Frameworks */,
				52BA75DA27F198B80048BC91 /* Resources */,
			);
			buildRules = (
			);
			dependencies = (
			);
			name = Landmarks;
			productName = Landmarks;
			productReference = 52BA75DC27F198B80048BC91 /* Landmarks.app */;
			productType = "com.apple.product-type.application";
		};
		52BA75EB27F198B90048BC91 /* LandmarksTests */ = {
			isa = PBXNativeTarget;
			buildConfigurationList = 52BA760327F198B90048BC91 /* Build configuration list for PBXNativeTarget "LandmarksTests" */;
			buildPhases = (
				52BA75E827F198B90048BC91 /* Sources */,
				52BA75E927F198B90048BC91 /* Frameworks */,
				52BA75EA27F198B90048BC91 /* Resources */,
			);
			buildRules = (
			);
			dependencies = (
				52BA75EE27F198B90048BC91 /* PBXTargetDependency */,
			);
			name = LandmarksTests;
			productName = LandmarksTests;
			productReference = 52BA75EC27F198B90048BC91 /* LandmarksTests.xctest */;
			productType = "com.apple.product-type.bundle.unit-test";
		};
		52BA75F527F198B90048BC91 /* LandmarksUITests */ = {
			isa = PBXNativeTarget;
			buildConfigurationList = 52BA760627F198B90048BC91 /* Build configuration list for PBXNativeTarget "LandmarksUITests" */;
			buildPhases = (
				52BA75F227F198B90048BC91 /* Sources */,
				52BA75F327F198B90048BC91 /* Frameworks */,
				52BA75F427F198B90048BC91 /* Resources */,
			);
			buildRules = (
			);
			dependencies = (
				52BA75F827F198B90048BC91 /* PBXTargetDependency */,
			);
			name = LandmarksUITests;
			productName = LandmarksUITests;
			productReference = 52BA75F627F198B90048BC91 /* LandmarksUITests.xctest */;
			productType = "com.apple.product-type.bundle.ui-testing";
		};
/* End PBXNativeTarget section */

/* Begin PBXProject section */
		52BA75D427F198B80048BC91 /* Project object */ = {
			isa = PBXProject;
			attributes = {
				BuildIndependentTargetsInParallel = 1;
				LastSwiftUpdateCheck = 1330;
				LastUpgradeCheck = 1330;
				TargetAttributes = {
					52BA75DB27F198B80048BC91 = {
						CreatedOnToolsVersion = 13.3;
					};
					52BA75EB27F198B90048BC91 = {
						CreatedOnToolsVersion = 13.3;
						TestTargetID = 52BA75DB27F198B80048BC91;
					};
					52BA75F527F198B90048BC91 = {
						CreatedOnToolsVersion = 13.3;
						TestTargetID = 52BA75DB27F198B80048BC91;
					};
				};
			};
			buildConfigurationList = 52BA75D727F198B80048BC91 /* Build configuration list for PBXProject "Landmarks" */;
			compatibilityVersion = "Xcode 13.0";
			developmentRegion = en;
			hasScannedForEncodings = 0;
			knownRegions = (
				en,
				Base,
			);
			mainGroup = 52BA75D327F198B80048BC91;
			productRefGroup = 52BA75DD27F198B80048BC91 /* Products */;
			projectDirPath = "";
			projectRoot = "";
			targets = (
				52BA75DB27F198B80048BC91 /* Landmarks */,
				52BA75EB27F198B90048BC91 /* LandmarksTests */,
				52BA75F527F198B90048BC91 /* LandmarksUITests */,
			);
		};
/* End PBXProject section */

/* Begin PBXResourcesBuildPhase section */
		52BA75DA27F198B80048BC91 /* Resources */ = {
			isa = PBXResourcesBuildPhase;
			buildActionMask = 2147483647;
			files = (
				528DAC9827FB499100039534 /* hikeData.json in Resources */,
				52BA75E727F198B90048BC91 /* Preview Assets.xcassets in Resources */,
				52BA75E427F198B90048BC91 /* Assets.xcassets in Resources */,
				52021C2427F3195100FF5483 /* landmarkData.json in Resources */,
			);
			runOnlyForDeploymentPostprocessing = 0;
		};
		52BA75EA27F198B90048BC91 /* Resources */ = {
			isa = PBXResourcesBuildPhase;
			buildActionMask = 2147483647;
			files = (
			);
			runOnlyForDeploymentPostprocessing = 0;
		};
		52BA75F427F198B90048BC91 /* Resources */ = {
			isa = PBXResourcesBuildPhase;
			buildActionMask = 2147483647;
			files = (
			);
			runOnlyForDeploymentPostprocessing = 0;
		};
/* End PBXResourcesBuildPhase section */

/* Begin PBXSourcesBuildPhase section */
		52BA75D827F198B80048BC91 /* Sources */ = {
			isa = PBXSourcesBuildPhase;
			buildActionMask = 2147483647;
			files = (
				525F652627FF02FE00CB96DA /* CategoryRow.swift in Sources */,
				529D39DA280450C0003C4C79 /* Profile.swift in Sources */,
				52BA75E227F198B80048BC91 /* ContentView.swift in Sources */,
				525F652427FEFAE300CB96DA /* CategoryHome.swift in Sources */,
				52E9DAEF2805A85A00852BC1 /* FeatureCard.swift in Sources */,
				528DACA327FB4BA400039534 /* HikeGraph.swift in Sources */,
				5293B4C427F6AAC3006A35B5 /* Badge.swift in Sources */,
				52BA760E27F1A7D10048BC91 /* MapView.swift in Sources */,
				528DACA227FB4BA400039534 /* GraphCapsule.swift in Sources */,
				52BA75E027F198B80048BC91 /* LandmarksApp.swift in Sources */,
				526746F727F47D010031753E /* FavoriteButton.swift in Sources */,
				52E9DAF32805D01200852BC1 /*  PageControl.swift in Sources */,
				525F652827FF04FD00CB96DA /* CategoryItem.swift in Sources */,
				528DACA427FB4BA400039534 /* HikeDetail.swift in Sources */,
				529D39DF280451DD003C4C79 /* ProfileSummary.swift in Sources */,
				5293B4BC27F5CC43006A35B5 /* HexagonParameters.swift in Sources */,
				529D39DD28045175003C4C79 /* ProfileHost.swift in Sources */,
				528DAC9A27FB4A2D00039534 /* Hike.swift in Sources */,
				5293B4C227F6A8EA006A35B5 /* RotatedBadgeSymbol.swift in Sources */,
				52E9DAF12805A9EC00852BC1 /* PageView.swift in Sources */,
				5293B4C027F6A6EE006A35B5 /* BadgeSymbol.swift in Sources */,
				529D39E32804672C003C4C79 /* ProfileEditor.swift in Sources */,
				52021C2F27F320A800FF5483 /* LandmarkList.swift in Sources */,
				528DACA527FB4BA400039534 /* HikeView.swift in Sources */,
				52021C3127F3241A00FF5483 /* LandmarkDetail.swift in Sources */,
				52E9DAED2805A5D500852BC1 /* PageViewController.swift in Sources */,
				5293B4BE27F5D1A6006A35B5 /* BadgeBackground.swift in Sources */,
				529D39E12804526F003C4C79 /* HikeBadge.swift in Sources */,
				52BA760C27F1A5F70048BC91 /* CircleImage.swift in Sources */,
				52021C2627F3199A00FF5483 /* Landmark.swift in Sources */,
				52021C2D27F31D7100FF5483 /* LandmarkRow.swift in Sources */,
				52021C2827F31BEC00FF5483 /* ModelData.swift in Sources */,
			);
			runOnlyForDeploymentPostprocessing = 0;
		};
		52BA75E827F198B90048BC91 /* Sources */ = {
			isa = PBXSourcesBuildPhase;
			buildActionMask = 2147483647;
			files = (
				52BA75F127F198B90048BC91 /* LandmarksTests.swift in Sources */,
			);
			runOnlyForDeploymentPostprocessing = 0;
		};
		52BA75F227F198B90048BC91 /* Sources */ = {
			isa = PBXSourcesBuildPhase;
			buildActionMask = 2147483647;
			files = (
				52BA75FD27F198B90048BC91 /* LandmarksUITestsLaunchTests.swift in Sources */,
				52BA75FB27F198B90048BC91 /* LandmarksUITests.swift in Sources */,
			);
			runOnlyForDeploymentPostprocessing = 0;
		};
/* End PBXSourcesBuildPhase section */

/* Begin PBXTargetDependency section */
		52BA75EE27F198B90048BC91 /* PBXTargetDependency */ = {
			isa = PBXTargetDependency;
			target = 52BA75DB27F198B80048BC91 /* Landmarks */;
			targetProxy = 52BA75ED27F198B90048BC91 /* PBXContainerItemProxy */;
		};
		52BA75F827F198B90048BC91 /* PBXTargetDependency */ = {
			isa = PBXTargetDependency;
			target = 52BA75DB27F198B80048BC91 /* Landmarks */;
			targetProxy = 52BA75F727F198B90048BC91 /* PBXContainerItemProxy */;
		};
/* End PBXTargetDependency section */

/* Begin XCBuildConfiguration section */
		52BA75FE27F198B90048BC91 /* Debug */ = {
			isa = XCBuildConfiguration;
			buildSettings = {
				ALWAYS_SEARCH_USER_PATHS = NO;
				CLANG_ANALYZER_NONNULL = YES;
				CLANG_ANALYZER_NUMBER_OBJECT_CONVERSION = YES_AGGRESSIVE;
				CLANG_CXX_LANGUAGE_STANDARD = "gnu++17";
				CLANG_ENABLE_MODULES = YES;
				CLANG_ENABLE_OBJC_ARC = YES;
				CLANG_ENABLE_OBJC_WEAK = YES;
				CLANG_WARN_BLOCK_CAPTURE_AUTORELEASING = YES;
				CLANG_WARN_BOOL_CONVERSION = YES;
				CLANG_WARN_COMMA = YES;
				CLANG_WARN_CONSTANT_CONVERSION = YES;
				CLANG_WARN_DEPRECATED_OBJC_IMPLEMENTATIONS = YES;
				CLANG_WARN_DIRECT_OBJC_ISA_USAGE = YES_ERROR;
				CLANG_WARN_DOCUMENTATION_COMMENTS = YES;
				CLANG_WARN_EMPTY_BODY = YES;
				CLANG_WARN_ENUM_CONVERSION = YES;
				CLANG_WARN_INFINITE_RECURSION = YES;
				CLANG_WARN_INT_CONVERSION = YES;
				CLANG_WARN_NON_LITERAL_NULL_CONVERSION = YES;
				CLANG_WARN_OBJC_IMPLICIT_RETAIN_SELF = YES;
				CLANG_WARN_OBJC_LITERAL_CONVERSION = YES;
				CLANG_WARN_OBJC_ROOT_CLASS = YES_ERROR;
				CLANG_WARN_QUOTED_INCLUDE_IN_FRAMEWORK_HEADER = YES;
				CLANG_WARN_RANGE_LOOP_ANALYSIS = YES;
				CLANG_WARN_STRICT_PROTOTYPES = YES;
				CLANG_WARN_SUSPICIOUS_MOVE = YES;
				CLANG_WARN_UNGUARDED_AVAILABILITY = YES_AGGRESSIVE;
				CLANG_WARN_UNREACHABLE_CODE = YES;
				CLANG_WARN__DUPLICATE_METHOD_MATCH = YES;
				COPY_PHASE_STRIP = NO;
				DEBUG_INFORMATION_FORMAT = dwarf;
				ENABLE_STRICT_OBJC_MSGSEND = YES;
				ENABLE_TESTABILITY = YES;
				GCC_C_LANGUAGE_STANDARD = gnu11;
				GCC_DYNAMIC_NO_PIC = NO;
				GCC_NO_COMMON_BLOCKS = YES;
				GCC_OPTIMIZATION_LEVEL = 0;
				GCC_PREPROCESSOR_DEFINITIONS = (
					"DEBUG=1",
					"$(inherited)",
				);
				GCC_WARN_64_TO_32_BIT_CONVERSION = YES;
				GCC_WARN_ABOUT_RETURN_TYPE = YES_ERROR;
				GCC_WARN_UNDECLARED_SELECTOR = YES;
				GCC_WARN_UNINITIALIZED_AUTOS = YES_AGGRESSIVE;
				GCC_WARN_UNUSED_FUNCTION = YES;
				GCC_WARN_UNUSED_VARIABLE = YES;
				IPHONEOS_DEPLOYMENT_TARGET = 15.4;
				MTL_ENABLE_DEBUG_INFO = INCLUDE_SOURCE;
				MTL_FAST_MATH = YES;
				ONLY_ACTIVE_ARCH = YES;
				SDKROOT = iphoneos;
				SWIFT_ACTIVE_COMPILATION_CONDITIONS = DEBUG;
				SWIFT_OPTIMIZATION_LEVEL = "-Onone";
			};
			name = Debug;
		};
		52BA75FF27F198B90048BC91 /* Release */ = {
			isa = XCBuildConfiguration;
			buildSettings = {
				ALWAYS_SEARCH_USER_PATHS = NO;
				CLANG_ANALYZER_NONNULL = YES;
				CLANG_ANALYZER_NUMBER_OBJECT_CONVERSION = YES_AGGRESSIVE;
				CLANG_CXX_LANGUAGE_STANDARD = "gnu++17";
				CLANG_ENABLE_MODULES = YES;
				CLANG_ENABLE_OBJC_ARC = YES;
				CLANG_ENABLE_OBJC_WEAK = YES;
				CLANG_WARN_BLOCK_CAPTURE_AUTORELEASING = YES;
				CLANG_WARN_BOOL_CONVERSION = YES;
				CLANG_WARN_COMMA = YES;
				CLANG_WARN_CONSTANT_CONVERSION = YES;
				CLANG_WARN_DEPRECATED_OBJC_IMPLEMENTATIONS = YES;
				CLANG_WARN_DIRECT_OBJC_ISA_USAGE = YES_ERROR;
				CLANG_WARN_DOCUMENTATION_COMMENTS = YES;
				CLANG_WARN_EMPTY_BODY = YES;
				CLANG_WARN_ENUM_CONVERSION = YES;
				CLANG_WARN_INFINITE_RECURSION = YES;
				CLANG_WARN_INT_CONVERSION = YES;
				CLANG_WARN_NON_LITERAL_NULL_CONVERSION = YES;
				CLANG_WARN_OBJC_IMPLICIT_RETAIN_SELF = YES;
				CLANG_WARN_OBJC_LITERAL_CONVERSION = YES;
				CLANG_WARN_OBJC_ROOT_CLASS = YES_ERROR;
				CLANG_WARN_QUOTED_INCLUDE_IN_FRAMEWORK_HEADER = YES;
				CLANG_WARN_RANGE_LOOP_ANALYSIS = YES;
				CLANG_WARN_STRICT_PROTOTYPES = YES;
				CLANG_WARN_SUSPICIOUS_MOVE = YES;
				CLANG_WARN_UNGUARDED_AVAILABILITY = YES_AGGRESSIVE;
				CLANG_WARN_UNREACHABLE_CODE = YES;
				CLANG_WARN__DUPLICATE_METHOD_MATCH = YES;
				COPY_PHASE_STRIP = NO;
				DEBUG_INFORMATION_FORMAT = "dwarf-with-dsym";
				ENABLE_NS_ASSERTIONS = NO;
				ENABLE_STRICT_OBJC_MSGSEND = YES;
				GCC_C_LANGUAGE_STANDARD = gnu11;
				GCC_NO_COMMON_BLOCKS = YES;
				GCC_WARN_64_TO_32_BIT_CONVERSION = YES;
				GCC_WARN_ABOUT_RETURN_TYPE = YES_ERROR;
				GCC_WARN_UNDECLARED_SELECTOR = YES;
				GCC_WARN_UNINITIALIZED_AUTOS = YES_AGGRESSIVE;
				GCC_WARN_UNUSED_FUNCTION = YES;
				GCC_WARN_UNUSED_VARIABLE = YES;
				IPHONEOS_DEPLOYMENT_TARGET = 15.4;
				MTL_ENABLE_DEBUG_INFO = NO;
				MTL_FAST_MATH = YES;
				SDKROOT = iphoneos;
				SWIFT_COMPILATION_MODE = wholemodule;
				SWIFT_OPTIMIZATION_LEVEL = "-O";
				VALIDATE_PRODUCT = YES;
			};
			name = Release;
		};
		52BA760127F198B90048BC91 /* Debug */ = {
			isa = XCBuildConfiguration;
			buildSettings = {
				ASSETCATALOG_COMPILER_APPICON_NAME = AppIcon;
				ASSETCATALOG_COMPILER_GLOBAL_ACCENT_COLOR_NAME = AccentColor;
				CODE_SIGN_STYLE = Automatic;
				CURRENT_PROJECT_VERSION = 1;
				DEVELOPMENT_ASSET_PATHS = "\"Landmarks/Preview Content\"";
				DEVELOPMENT_TEAM = 98KN6NA6DU;
				ENABLE_PREVIEWS = YES;
				GENERATE_INFOPLIST_FILE = YES;
				INFOPLIST_KEY_UIApplicationSceneManifest_Generation = YES;
				INFOPLIST_KEY_UIApplicationSupportsIndirectInputEvents = YES;
				INFOPLIST_KEY_UILaunchScreen_Generation = YES;
				INFOPLIST_KEY_UISupportedInterfaceOrientations_iPad = "UIInterfaceOrientationPortrait UIInterfaceOrientationPortraitUpsideDown UIInterfaceOrientationLandscapeLeft UIInterfaceOrientationLandscapeRight";
				INFOPLIST_KEY_UISupportedInterfaceOrientations_iPhone = "UIInterfaceOrientationPortrait UIInterfaceOrientationLandscapeLeft UIInterfaceOrientationLandscapeRight";
				LD_RUNPATH_SEARCH_PATHS = (
					"$(inherited)",
					"@executable_path/Frameworks",
				);
				MARKETING_VERSION = 1.0;
				PRODUCT_BUNDLE_IDENTIFIER = "com.example.app-playground.Landmarks";
				PRODUCT_NAME = "$(TARGET_NAME)";
				SWIFT_EMIT_LOC_STRINGS = YES;
				SWIFT_VERSION = 5.0;
				TARGETED_DEVICE_FAMILY = "1,2";
			};
			name = Debug;
		};
		52BA760227F198B90048BC91 /* Release */ = {
			isa = XCBuildConfiguration;
			buildSettings = {
				ASSETCATALOG_COMPILER_APPICON_NAME = AppIcon;
				ASSETCATALOG_COMPILER_GLOBAL_ACCENT_COLOR_NAME = AccentColor;
				CODE_SIGN_STYLE = Automatic;
				CURRENT_PROJECT_VERSION = 1;
				DEVELOPMENT_ASSET_PATHS = "\"Landmarks/Preview Content\"";
				DEVELOPMENT_TEAM = 98KN6NA6DU;
				ENABLE_PREVIEWS = YES;
				GENERATE_INFOPLIST_FILE = YES;
				INFOPLIST_KEY_UIApplicationSceneManifest_Generation = YES;
				INFOPLIST_KEY_UIApplicationSupportsIndirectInputEvents = YES;
				INFOPLIST_KEY_UILaunchScreen_Generation = YES;
				INFOPLIST_KEY_UISupportedInterfaceOrientations_iPad = "UIInterfaceOrientationPortrait UIInterfaceOrientationPortraitUpsideDown UIInterfaceOrientationLandscapeLeft UIInterfaceOrientationLandscapeRight";
				INFOPLIST_KEY_UISupportedInterfaceOrientations_iPhone = "UIInterfaceOrientationPortrait UIInterfaceOrientationLandscapeLeft UIInterfaceOrientationLandscapeRight";
				LD_RUNPATH_SEARCH_PATHS = (
					"$(inherited)",
					"@executable_path/Frameworks",
				);
				MARKETING_VERSION = 1.0;
				PRODUCT_BUNDLE_IDENTIFIER = "com.example.app-playground.Landmarks";
				PRODUCT_NAME = "$(TARGET_NAME)";
				SWIFT_EMIT_LOC_STRINGS = YES;
				SWIFT_VERSION = 5.0;
				TARGETED_DEVICE_FAMILY = "1,2";
			};
			name = Release;
		};
		52BA760427F198B90048BC91 /* Debug */ = {
			isa = XCBuildConfiguration;
			buildSettings = {
				ALWAYS_EMBED_SWIFT_STANDARD_LIBRARIES = YES;
				BUNDLE_LOADER = "$(TEST_HOST)";
				CODE_SIGN_STYLE = Automatic;
				CURRENT_PROJECT_VERSION = 1;
				DEVELOPMENT_TEAM = 98KN6NA6DU;
				GENERATE_INFOPLIST_FILE = YES;
				IPHONEOS_DEPLOYMENT_TARGET = 15.4;
				MARKETING_VERSION = 1.0;
				PRODUCT_BUNDLE_IDENTIFIER = "com.example.app-playground.LandmarksTests";
				PRODUCT_NAME = "$(TARGET_NAME)";
				SWIFT_EMIT_LOC_STRINGS = NO;
				SWIFT_VERSION = 5.0;
				TARGETED_DEVICE_FAMILY = "1,2";
				TEST_HOST = "$(BUILT_PRODUCTS_DIR)/Landmarks.app/Landmarks";
			};
			name = Debug;
		};
		52BA760527F198B90048BC91 /* Release */ = {
			isa = XCBuildConfiguration;
			buildSettings = {
				ALWAYS_EMBED_SWIFT_STANDARD_LIBRARIES = YES;
				BUNDLE_LOADER = "$(TEST_HOST)";
				CODE_SIGN_STYLE = Automatic;
				CURRENT_PROJECT_VERSION = 1;
				DEVELOPMENT_TEAM = 98KN6NA6DU;
				GENERATE_INFOPLIST_FILE = YES;
				IPHONEOS_DEPLOYMENT_TARGET = 15.4;
				MARKETING_VERSION = 1.0;
				PRODUCT_BUNDLE_IDENTIFIER = "com.example.app-playground.LandmarksTests";
				PRODUCT_NAME = "$(TARGET_NAME)";
				SWIFT_EMIT_LOC_STRINGS = NO;
				SWIFT_VERSION = 5.0;
				TARGETED_DEVICE_FAMILY = "1,2";
				TEST_HOST = "$(BUILT_PRODUCTS_DIR)/Landmarks.app/Landmarks";
			};
			name = Release;
		};
		52BA760727F198B90048BC91 /* Debug */ = {
			isa = XCBuildConfiguration;
			buildSettings = {
				ALWAYS_EMBED_SWIFT_STANDARD_LIBRARIES = YES;
				CODE_SIGN_STYLE = Automatic;
				CURRENT_PROJECT_VERSION = 1;
				DEVELOPMENT_TEAM = 98KN6NA6DU;
				GENERATE_INFOPLIST_FILE = YES;
				MARKETING_VERSION = 1.0;
				PRODUCT_BUNDLE_IDENTIFIER = "com.example.app-playground.LandmarksUITests";
				PRODUCT_NAME = "$(TARGET_NAME)";
				SWIFT_EMIT_LOC_STRINGS = NO;
				SWIFT_VERSION = 5.0;
				TARGETED_DEVICE_FAMILY = "1,2";
				TEST_TARGET_NAME = Landmarks;
			};
			name = Debug;
		};
		52BA760827F198B90048BC91 /* Release */ = {
			isa = XCBuildConfiguration;
			buildSettings = {
				ALWAYS_EMBED_SWIFT_STANDARD_LIBRARIES = YES;
				CODE_SIGN_STYLE = Automatic;
				CURRENT_PROJECT_VERSION = 1;
				DEVELOPMENT_TEAM = 98KN6NA6DU;
				GENERATE_INFOPLIST_FILE = YES;
				MARKETING_VERSION = 1.0;
				PRODUCT_BUNDLE_IDENTIFIER = "com.example.app-playground.LandmarksUITests";
				PRODUCT_NAME = "$(TARGET_NAME)";
				SWIFT_EMIT_LOC_STRINGS = NO;
				SWIFT_VERSION = 5.0;
				TARGETED_DEVICE_FAMILY = "1,2";
				TEST_TARGET_NAME = Landmarks;
			};
			name = Release;
		};
/* End XCBuildConfiguration section */

/* Begin XCConfigurationList section */
		52BA75D727F198B80048BC91 /* Build configuration list for PBXProject "Landmarks" */ = {
			isa = XCConfigurationList;
			buildConfigurations = (
				52BA75FE27F198B90048BC91 /* Debug */,
				52BA75FF27F198B90048BC91 /* Release */,
			);
			defaultConfigurationIsVisible = 0;
			defaultConfigurationName = Release;
		};
		52BA760027F198B90048BC91 /* Build configuration list for PBXNativeTarget "Landmarks" */ = {
			isa = XCConfigurationList;
			buildConfigurations = (
				52BA760127F198B90048BC91 /* Debug */,
				52BA760227F198B90048BC91 /* Release */,
			);
			defaultConfigurationIsVisible = 0;
			defaultConfigurationName = Release;
		};
		52BA760327F198B90048BC91 /* Build configuration list for PBXNativeTarget "LandmarksTests" */ = {
			isa = XCConfigurationList;
			buildConfigurations = (
				52BA760427F198B90048BC91 /* Debug */,
				52BA760527F198B90048BC91 /* Release */,
			);
			defaultConfigurationIsVisible = 0;
			defaultConfigurationName = Release;
		};
		52BA760627F198B90048BC91 /* Build configuration list for PBXNativeTarget "LandmarksUITests" */ = {
			isa = XCConfigurationList;
			buildConfigurations = (
				52BA760727F198B90048BC91 /* Debug */,
				52BA760827F198B90048BC91 /* Release */,
			);
			defaultConfigurationIsVisible = 0;
			defaultConfigurationName = Release;
		};
/* End XCConfigurationList section */
	};
	rootObject = 52BA75D427F198B80048BC91 /* Project object */;
}
